
Microsoft Visual Studio Solution File, Format Version 12.00
# Visual Studio 2013
VisualStudioVersion = 12.0.30324.0
MinimumVisualStudioVersion = 10.0.40219.1
Project("{FAE04EC0-301F-11D3-BF4B-00C04F79EFBC}") = "01-Module", "01-Module\01-Module.csproj", "{1D2ACA8D-74D4-40FB-B3A9-ED04061A33A2}"
EndProject
Project("{FAE04EC0-301F-11D3-BF4B-00C04F79EFBC}") = "02-MovingShapes", "02-MovingShapes\02-MovingShapes.csproj", "{97D4ED37-84B5-415B-A1A5-C160946D7D27}"
EndProject
Project("{FAE04EC0-301F-11D3-BF4B-00C04F79EFBC}") = "03-SpecialConsole", "03-SpecialConsole\03-SpecialConsole.csproj", "{8CE958F6-253D-47DD-A91D-2F30734D20E4}"
EndProject
Global
	GlobalSection(SolutionConfigurationPlatforms) = preSolution
		Debug|Any CPU = Debug|Any CPU
		Release|Any CPU = Release|Any CPU
	EndGlobalSection
	GlobalSection(ProjectConfigurationPlatforms) = postSolution
		{1D2ACA8D-74D4-40FB-B3A9-ED04061A33A2}.Debug|Any CPU.ActiveCfg = Debug|Any CPU
		{1D2ACA8D-74D4-40FB-B3A9-ED04061A33A2}.Debug|Any CPU.Build.0 = Debug|Any CPU
		{1D2ACA8D-74D4-40FB-B3A9-ED04061A33A2}.Release|Any CPU.ActiveCfg = Release|Any CPU
		{1D2ACA8D-74D4-40FB-B3A9-ED04061A33A2}.Release|Any CPU.Build.0 = Release|Any CPU
		{97D4ED37-84B5-415B-A1A5-C160946D7D27}.Debug|Any CPU.ActiveCfg = Debug|Any CPU
		{97D4ED37-84B5-415B-A1A5-C160946D7D27}.Debug|Any CPU.Build.0 = Debug|Any CPU
		{97D4ED37-84B5-415B-A1A5-C160946D7D27}.Release|Any CPU.ActiveCfg = Release|Any CPU
		{97D4ED37-84B5-415B-A1A5-C160946D7D27}.Release|Any CPU.Build.0 = Release|Any CPU
		{8CE958F6-253D-47DD-A91D-2F30734D20E4}.Debug|Any CPU.ActiveCfg = Debug|Any CPU
		{8CE958F6-253D-47DD-A91D-2F30734D20E4}.Debug|Any CPU.Build.0 = Debug|Any CPU
		{8CE958F6-253D-47DD-A91D-2F30734D20E4}.Release|Any CPU.ActiveCfg = Release|Any CPU
		{8CE958F6-253D-47DD-A91D-2F30734D20E4}.Release|Any CPU.Build.0 = Release|Any CPU
	EndGlobalSection
	GlobalSection(SolutionProperties) = preSolution
		HideSolutionNode = FALSE
	EndGlobalSection
EndGlobal
